
Microsoft Visual Studio Solution File, Format Version 12.00
# Visual Studio 15
VisualStudioVersion = 15.0.28307.168
MinimumVisualStudioVersion = 10.0.40219.1
Project("{FAE04EC0-301F-11D3-BF4B-00C04F79EFBC}") = "Military", "Military\Military.csproj", "{D95DC529-C44B-40F4-AB11-FC40EEEE417D}"
EndProject
Global
	GlobalSection(SolutionConfigurationPlatforms) = preSolution
		Debug|Any CPU = Debug|Any CPU
		Release|Any CPU = Release|Any CPU
	EndGlobalSection
	GlobalSection(ProjectConfigurationPlatforms) = postSolution
		{D95DC529-C44B-40F4-AB11-FC40EEEE417D}.Debug|Any CPU.ActiveCfg = Debug|Any CPU
		{D95DC529-C44B-40F4-AB11-FC40EEEE417D}.Debug|Any CPU.Build.0 = Debug|Any CPU
		{D95DC529-C44B-40F4-AB11-FC40EEEE417D}.Release|Any CPU.ActiveCfg = Release|Any CPU
		{D95DC529-C44B-40F4-AB11-FC40EEEE417D}.Release|Any CPU.Build.0 = Release|Any CPU
	EndGlobalSection
	GlobalSection(SolutionProperties) = preSolution
		HideSolutionNode = FALSE
	EndGlobalSection
	GlobalSection(ExtensibilityGlobals) = postSolution
		SolutionGuid = {9C21C794-AE65-487E-957C-97030A45D140}
	EndGlobalSection
EndGlobal
